
Microsoft Visual Studio Solution File, Format Version 12.00
# Visual Studio Version 17
VisualStudioVersion = 17.9.34616.47
MinimumVisualStudioVersion = 10.0.40219.1
Project("{FAE04EC0-301F-11D3-BF4B-00C04F79EFBC}") = "csharplab", "csharplab.csproj", "{C0F0711A-60B2-4E29-A413-6AE25D4178A7}"
EndProject
Global
	GlobalSection(SolutionConfigurationPlatforms) = preSolution
		Debug|Any CPU = Debug|Any CPU
		Release|Any CPU = Release|Any CPU
	EndGlobalSection
	GlobalSection(ProjectConfigurationPlatforms) = postSolution
		{C0F0711A-60B2-4E29-A413-6AE25D4178A7}.Debug|Any CPU.ActiveCfg = Debug|Any CPU
		{C0F0711A-60B2-4E29-A413-6AE25D4178A7}.Debug|Any CPU.Build.0 = Debug|Any CPU
		{C0F0711A-60B2-4E29-A413-6AE25D4178A7}.Release|Any CPU.ActiveCfg = Release|Any CPU
		{C0F0711A-60B2-4E29-A413-6AE25D4178A7}.Release|Any CPU.Build.0 = Release|Any CPU
	EndGlobalSection
	GlobalSection(SolutionProperties) = preSolution
		HideSolutionNode = FALSE
	EndGlobalSection
	GlobalSection(ExtensibilityGlobals) = postSolution
		SolutionGuid = {FF7CA3CE-B8E1-45C9-A997-846A6A6562FF}
	EndGlobalSection
EndGlobal
